
Microsoft Visual Studio Solution File, Format Version 12.00
# Visual Studio Version 17
VisualStudioVersion = 17.11.35303.130
MinimumVisualStudioVersion = 10.0.40219.1
Project("{8BC9CEB8-8B4A-11D0-8D11-00A0C91BC942}") = "2.cpp", "2.cpp\2.cpp.vcxproj", "{DB84E4D0-8668-4E21-B9EB-6208A73D02E2}"
EndProject
Global
	GlobalSection(SolutionConfigurationPlatforms) = preSolution
		Debug|x64 = Debug|x64
		Debug|x86 = Debug|x86
		Release|x64 = Release|x64
		Release|x86 = Release|x86
	EndGlobalSection
	GlobalSection(ProjectConfigurationPlatforms) = postSolution
		{DB84E4D0-8668-4E21-B9EB-6208A73D02E2}.Debug|x64.ActiveCfg = Debug|x64
		{DB84E4D0-8668-4E21-B9EB-6208A73D02E2}.Debug|x64.Build.0 = Debug|x64
		{DB84E4D0-8668-4E21-B9EB-6208A73D02E2}.Debug|x86.ActiveCfg = Debug|Win32
		{DB84E4D0-8668-4E21-B9EB-6208A73D02E2}.Debug|x86.Build.0 = Debug|Win32
		{DB84E4D0-8668-4E21-B9EB-6208A73D02E2}.Release|x64.ActiveCfg = Release|x64
		{DB84E4D0-8668-4E21-B9EB-6208A73D02E2}.Release|x64.Build.0 = Release|x64
		{DB84E4D0-8668-4E21-B9EB-6208A73D02E2}.Release|x86.ActiveCfg = Release|Win32
		{DB84E4D0-8668-4E21-B9EB-6208A73D02E2}.Release|x86.Build.0 = Release|Win32
	EndGlobalSection
	GlobalSection(SolutionProperties) = preSolution
		HideSolutionNode = FALSE
	EndGlobalSection
	GlobalSection(ExtensibilityGlobals) = postSolution
		SolutionGuid = {F7E52756-DECB-46CD-9482-A1DF5BA09FFE}
	EndGlobalSection
EndGlobal
