
Microsoft Visual Studio Solution File, Format Version 12.00
# Visual Studio Version 17
VisualStudioVersion = 17.11.35327.3
MinimumVisualStudioVersion = 10.0.40219.1
Project("{8BC9CEB8-8B4A-11D0-8D11-00A0C91BC942}") = "11-9", "11-9\11-9.vcxproj", "{06DB5B34-DD7B-4D37-863B-C4565E4EA503}"
EndProject
Global
	GlobalSection(SolutionConfigurationPlatforms) = preSolution
		Debug|x64 = Debug|x64
		Debug|x86 = Debug|x86
		Release|x64 = Release|x64
		Release|x86 = Release|x86
	EndGlobalSection
	GlobalSection(ProjectConfigurationPlatforms) = postSolution
		{06DB5B34-DD7B-4D37-863B-C4565E4EA503}.Debug|x64.ActiveCfg = Debug|x64
		{06DB5B34-DD7B-4D37-863B-C4565E4EA503}.Debug|x64.Build.0 = Debug|x64
		{06DB5B34-DD7B-4D37-863B-C4565E4EA503}.Debug|x86.ActiveCfg = Debug|Win32
		{06DB5B34-DD7B-4D37-863B-C4565E4EA503}.Debug|x86.Build.0 = Debug|Win32
		{06DB5B34-DD7B-4D37-863B-C4565E4EA503}.Release|x64.ActiveCfg = Release|x64
		{06DB5B34-DD7B-4D37-863B-C4565E4EA503}.Release|x64.Build.0 = Release|x64
		{06DB5B34-DD7B-4D37-863B-C4565E4EA503}.Release|x86.ActiveCfg = Release|Win32
		{06DB5B34-DD7B-4D37-863B-C4565E4EA503}.Release|x86.Build.0 = Release|Win32
	EndGlobalSection
	GlobalSection(SolutionProperties) = preSolution
		HideSolutionNode = FALSE
	EndGlobalSection
	GlobalSection(ExtensibilityGlobals) = postSolution
		SolutionGuid = {182A525A-6AF9-43CB-86A7-D835975FA938}
	EndGlobalSection
EndGlobal
